// !$*UTF8*$!
{
	archiveVersion = 1;
	classes = {
	};
	objectVersion = 56;
	objects = {

/* Begin PBXBuildFile section */
		A10001 /* PersonalMacApp.swift in Sources */ = {isa = PBXBuildFile; fileRef = B10001; };
		A10002 /* ChatMessage.swift in Sources */ = {isa = PBXBuildFile; fileRef = B10002; };
		A10003 /* GlmService.swift in Sources */ = {isa = PBXBuildFile; fileRef = B10003; };
		A10004 /* SettingsService.swift in Sources */ = {isa = PBXBuildFile; fileRef = B10004; };
		A10005 /* MainView.swift in Sources */ = {isa = PBXBuildFile; fileRef = B10005; };
		A10006 /* SettingsView.swift in Sources */ = {isa = PBXBuildFile; fileRef = B10006; };
		A10007 /* ChatView.swift in Sources */ = {isa = PBXBuildFile; fileRef = B10007; };
		A10008 /* HotkeyManager.swift in Sources */ = {isa = PBXBuildFile; fileRef = B10008; };
		A10009 /* ChatState.swift in Sources */ = {isa = PBXBuildFile; fileRef = B10009; };
		A10010 /* MarkdownContentView.swift in Sources */ = {isa = PBXBuildFile; fileRef = B10010; };
		A10011 /* FloatingToolbarView.swift in Sources */ = {isa = PBXBuildFile; fileRef = B10011; };
		A10012 /* FloatingChatView.swift in Sources */ = {isa = PBXBuildFile; fileRef = B10012; };
		A10013 /* FloatingPanelManager.swift in Sources */ = {isa = PBXBuildFile; fileRef = B10013; };
		A10014 /* AssistantService.swift in Sources */ = {isa = PBXBuildFile; fileRef = B10014; };
		A10015 /* SpeechService.swift in Sources */ = {isa = PBXBuildFile; fileRef = B10015; };
/* End PBXBuildFile section */

/* Begin PBXFileReference section */
		C10001 /* PersonalMac.app */ = {isa = PBXFileReference; explicitFileType = wrapper.application; includeInIndex = 0; path = PersonalMac.app; sourceTree = BUILT_PRODUCTS_DIR; };
		B10001 /* PersonalMacApp.swift */ = {isa = PBXFileReference; lastKnownFileType = sourcecode.swift; path = PersonalMacApp.swift; sourceTree = "<group>"; };
		B10002 /* ChatMessage.swift */ = {isa = PBXFileReference; lastKnownFileType = sourcecode.swift; path = ChatMessage.swift; sourceTree = "<group>"; };
		B10003 /* GlmService.swift */ = {isa = PBXFileReference; lastKnownFileType = sourcecode.swift; path = GlmService.swift; sourceTree = "<group>"; };
		B10004 /* SettingsService.swift */ = {isa = PBXFileReference; lastKnownFileType = sourcecode.swift; path = SettingsService.swift; sourceTree = "<group>"; };
		B10005 /* MainView.swift */ = {isa = PBXFileReference; lastKnownFileType = sourcecode.swift; path = MainView.swift; sourceTree = "<group>"; };
		B10006 /* SettingsView.swift */ = {isa = PBXFileReference; lastKnownFileType = sourcecode.swift; path = SettingsView.swift; sourceTree = "<group>"; };
		B10007 /* ChatView.swift */ = {isa = PBXFileReference; lastKnownFileType = sourcecode.swift; path = ChatView.swift; sourceTree = "<group>"; };
		B10008 /* HotkeyManager.swift */ = {isa = PBXFileReference; lastKnownFileType = sourcecode.swift; path = HotkeyManager.swift; sourceTree = "<group>"; };
		B10009 /* ChatState.swift */ = {isa = PBXFileReference; lastKnownFileType = sourcecode.swift; path = ChatState.swift; sourceTree = "<group>"; };
		B10010 /* MarkdownContentView.swift */ = {isa = PBXFileReference; lastKnownFileType = sourcecode.swift; path = MarkdownContentView.swift; sourceTree = "<group>"; };
		B10011 /* FloatingToolbarView.swift */ = {isa = PBXFileReference; lastKnownFileType = sourcecode.swift; path = FloatingToolbarView.swift; sourceTree = "<group>"; };
		B10012 /* FloatingChatView.swift */ = {isa = PBXFileReference; lastKnownFileType = sourcecode.swift; path = FloatingChatView.swift; sourceTree = "<group>"; };
		B10013 /* FloatingPanelManager.swift */ = {isa = PBXFileReference; lastKnownFileType = sourcecode.swift; path = FloatingPanelManager.swift; sourceTree = "<group>"; };
		B10014 /* AssistantService.swift */ = {isa = PBXFileReference; lastKnownFileType = sourcecode.swift; path = AssistantService.swift; sourceTree = "<group>"; };
		B10015 /* SpeechService.swift */ = {isa = PBXFileReference; lastKnownFileType = sourcecode.swift; path = SpeechService.swift; sourceTree = "<group>"; };
/* End PBXFileReference section */

/* Begin PBXFrameworksBuildPhase section */
		D10001 /* Frameworks */ = {
			isa = PBXFrameworksBuildPhase;
			buildActionMask = 2147483647;
			files = (
			);
			runOnlyForDeploymentPostprocessing = 0;
		};
/* End PBXFrameworksBuildPhase section */

/* Begin PBXGroup section */
		E10001 = {
			isa = PBXGroup;
			children = (
				E10002 /* PersonalMac */,
				E10005 /* Products */,
			);
			sourceTree = "<group>";
		};
		E10002 /* PersonalMac */ = {
			isa = PBXGroup;
			children = (
				B10001 /* PersonalMacApp.swift */,
				E10003 /* Models */,
				E10004 /* Services */,
				E10006 /* Views */,
			);
			path = PersonalMac;
			sourceTree = "<group>";
		};
		E10003 /* Models */ = {
			isa = PBXGroup;
			children = (
				B10002 /* ChatMessage.swift */,
				B10009 /* ChatState.swift */,
			);
			path = Models;
			sourceTree = "<group>";
		};
		E10004 /* Services */ = {
			isa = PBXGroup;
			children = (
				B10003 /* GlmService.swift */,
				B10004 /* SettingsService.swift */,
				B10008 /* HotkeyManager.swift */,
				B10013 /* FloatingPanelManager.swift */,
				B10014 /* AssistantService.swift */,
				B10015 /* SpeechService.swift */,
			);
			path = Services;
			sourceTree = "<group>";
		};
		E10005 /* Products */ = {
			isa = PBXGroup;
			children = (
				C10001 /* PersonalMac.app */,
			);
			name = Products;
			sourceTree = "<group>";
		};
		E10006 /* Views */ = {
			isa = PBXGroup;
			children = (
				B10005 /* MainView.swift */,
				B10006 /* SettingsView.swift */,
				B10007 /* ChatView.swift */,
				B10010 /* MarkdownContentView.swift */,
				B10011 /* FloatingToolbarView.swift */,
				B10012 /* FloatingChatView.swift */,
			);
			path = Views;
			sourceTree = "<group>";
		};
/* End PBXGroup section */

/* Begin PBXNativeTarget section */
		F10001 /* PersonalMac */ = {
			isa = PBXNativeTarget;
			buildConfigurationList = G10003 /* Build configuration list for PBXNativeTarget "PersonalMac" */;
			buildPhases = (
				D10002 /* Sources */,
				D10001 /* Frameworks */,
			);
			buildRules = (
			);
			dependencies = (
			);
			name = PersonalMac;
			productName = PersonalMac;
			productReference = C10001 /* PersonalMac.app */;
			productType = "com.apple.product-type.application";
		};
/* End PBXNativeTarget section */

/* Begin PBXProject section */
		F10002 /* Project object */ = {
			isa = PBXProject;
			attributes = {
				BuildIndependentTargetsInParallel = 1;
				LastSwiftUpdateCheck = 1540;
				LastUpgradeCheck = 1540;
				TargetAttributes = {
					F10001 = {
						CreatedOnToolsVersion = 15.4;
					};
				};
			};
			buildConfigurationList = G10001 /* Build configuration list for PBXProject "PersonalMac" */;
			compatibilityVersion = "Xcode 14.0";
			developmentRegion = "pt-BR";
			hasScannedForEncodings = 0;
			knownRegions = (
				"pt-BR",
				en,
			);
			mainGroup = E10001;
			productRefGroup = E10005 /* Products */;
			projectDirPath = "";
			projectRoot = "";
			targets = (
				F10001 /* PersonalMac */,
			);
		};
/* End PBXProject section */

/* Begin PBXSourcesBuildPhase section */
		D10002 /* Sources */ = {
			isa = PBXSourcesBuildPhase;
			buildActionMask = 2147483647;
			files = (
				A10001 /* PersonalMacApp.swift in Sources */,
				A10002 /* ChatMessage.swift in Sources */,
				A10003 /* GlmService.swift in Sources */,
				A10004 /* SettingsService.swift in Sources */,
				A10008 /* HotkeyManager.swift in Sources */,
				A10005 /* MainView.swift in Sources */,
				A10006 /* SettingsView.swift in Sources */,
				A10007 /* ChatView.swift in Sources */,
				A10009 /* ChatState.swift in Sources */,
				A10010 /* MarkdownContentView.swift in Sources */,
				A10011 /* FloatingToolbarView.swift in Sources */,
				A10012 /* FloatingChatView.swift in Sources */,
				A10013 /* FloatingPanelManager.swift in Sources */,
				A10014 /* AssistantService.swift in Sources */,
				A10015 /* SpeechService.swift in Sources */,
			);
			runOnlyForDeploymentPostprocessing = 0;
		};
/* End PBXSourcesBuildPhase section */

/* Begin XCBuildConfiguration section */
		H10001 /* Debug */ = {
			isa = XCBuildConfiguration;
			buildSettings = {
				ALWAYS_SEARCH_USER_PATHS = NO;
				ASSETCATALOG_COMPILER_GENERATE_SWIFT_ASSET_SYMBOL_EXTENSIONS = YES;
				CLANG_ANALYZER_NONNULL = YES;
				CLANG_CXX_LANGUAGE_STANDARD = "gnu++20";
				CLANG_ENABLE_MODULES = YES;
				CLANG_ENABLE_OBJC_ARC = YES;
				COPY_PHASE_STRIP = NO;
				DEBUG_INFORMATION_FORMAT = dwarf;
				ENABLE_STRICT_OBJC_MSGSEND = YES;
				ENABLE_TESTABILITY = YES;
				ENABLE_USER_SCRIPT_SANDBOXING = YES;
				GCC_DYNAMIC_NO_PIC = NO;
				GCC_OPTIMIZATION_LEVEL = 0;
				GCC_WARN_ABOUT_RETURN_TYPE = YES_ERROR;
				GCC_WARN_UNINITIALIZED_AUTOS = YES_AGGRESSIVE;
				MACOSX_DEPLOYMENT_TARGET = 14.0;
				MTL_ENABLE_DEBUG_INFO = INCLUDE_SOURCE;
				ONLY_ACTIVE_ARCH = YES;
				SDKROOT = macosx;
				SWIFT_ACTIVE_COMPILATION_CONDITIONS = DEBUG;
				SWIFT_OPTIMIZATION_LEVEL = "-Onone";
			};
			name = Debug;
		};
		H10002 /* Release */ = {
			isa = XCBuildConfiguration;
			buildSettings = {
				ALWAYS_SEARCH_USER_PATHS = NO;
				ASSETCATALOG_COMPILER_GENERATE_SWIFT_ASSET_SYMBOL_EXTENSIONS = YES;
				CLANG_ANALYZER_NONNULL = YES;
				CLANG_CXX_LANGUAGE_STANDARD = "gnu++20";
				CLANG_ENABLE_MODULES = YES;
				CLANG_ENABLE_OBJC_ARC = YES;
				COPY_PHASE_STRIP = NO;
				DEBUG_INFORMATION_FORMAT = "dwarf-with-dsym";
				ENABLE_NS_ASSERTIONS = NO;
				ENABLE_STRICT_OBJC_MSGSEND = YES;
				ENABLE_USER_SCRIPT_SANDBOXING = YES;
				GCC_WARN_ABOUT_RETURN_TYPE = YES_ERROR;
				GCC_WARN_UNINITIALIZED_AUTOS = YES_AGGRESSIVE;
				MACOSX_DEPLOYMENT_TARGET = 14.0;
				SDKROOT = macosx;
				SWIFT_COMPILATION_MODE = wholemodule;
			};
			name = Release;
		};
		H10003 /* Debug */ = {
			isa = XCBuildConfiguration;
			buildSettings = {
				ASSETCATALOG_COMPILER_APPICON_NAME = AppIcon;
				CODE_SIGN_ENTITLEMENTS = "";
				CODE_SIGN_STYLE = Automatic;
				COMBINE_HIDPI_IMAGES = YES;
				CURRENT_PROJECT_VERSION = 1;
				DEVELOPMENT_TEAM = "";
				ENABLE_HARDENED_RUNTIME = YES;
				GENERATE_INFOPLIST_FILE = YES;
				INFOPLIST_KEY_CFBundleDisplayName = "GLM Chat";
				INFOPLIST_KEY_LSApplicationCategoryType = "public.app-category.utilities";
				INFOPLIST_KEY_NSMicrophoneUsageDescription = "Necessario para capturar sua voz durante entrevistas";
				INFOPLIST_KEY_NSSpeechRecognitionUsageDescription = "Necessario para transcrever conversas em tempo real";
				LD_RUNPATH_SEARCH_PATHS = (
					"$(inherited)",
					"@executable_path/../Frameworks",
				);
				MARKETING_VERSION = 1.0;
				PRODUCT_BUNDLE_IDENTIFIER = com.personal.GLMChat;
				PRODUCT_NAME = "$(TARGET_NAME)";
				SWIFT_EMIT_LOC_STRINGS = YES;
				SWIFT_VERSION = 5.0;
			};
			name = Debug;
		};
		H10004 /* Release */ = {
			isa = XCBuildConfiguration;
			buildSettings = {
				ASSETCATALOG_COMPILER_APPICON_NAME = AppIcon;
				CODE_SIGN_ENTITLEMENTS = "";
				CODE_SIGN_STYLE = Automatic;
				COMBINE_HIDPI_IMAGES = YES;
				CURRENT_PROJECT_VERSION = 1;
				DEVELOPMENT_TEAM = "";
				ENABLE_HARDENED_RUNTIME = YES;
				GENERATE_INFOPLIST_FILE = YES;
				INFOPLIST_KEY_CFBundleDisplayName = "GLM Chat";
				INFOPLIST_KEY_LSApplicationCategoryType = "public.app-category.utilities";
				INFOPLIST_KEY_NSMicrophoneUsageDescription = "Necessario para capturar sua voz durante entrevistas";
				INFOPLIST_KEY_NSSpeechRecognitionUsageDescription = "Necessario para transcrever conversas em tempo real";
				LD_RUNPATH_SEARCH_PATHS = (
					"$(inherited)",
					"@executable_path/../Frameworks",
				);
				MARKETING_VERSION = 1.0;
				PRODUCT_BUNDLE_IDENTIFIER = com.personal.GLMChat;
				PRODUCT_NAME = "$(TARGET_NAME)";
				SWIFT_EMIT_LOC_STRINGS = YES;
				SWIFT_VERSION = 5.0;
			};
			name = Release;
		};
/* End XCBuildConfiguration section */

/* Begin XCConfigurationList section */
		G10001 /* Build configuration list for PBXProject "PersonalMac" */ = {
			isa = XCConfigurationList;
			buildConfigurations = (
				H10001 /* Debug */,
				H10002 /* Release */,
			);
			defaultConfigurationIsVisible = 0;
			defaultConfigurationName = Release;
		};
		G10003 /* Build configuration list for PBXNativeTarget "PersonalMac" */ = {
			isa = XCConfigurationList;
			buildConfigurations = (
				H10003 /* Debug */,
				H10004 /* Release */,
			);
			defaultConfigurationIsVisible = 0;
			defaultConfigurationName = Release;
		};
/* End XCConfigurationList section */
	};
	rootObject = F10002 /* Project object */;
}
